// !$*UTF8*$!
{
	archiveVersion = 1;
	classes = {
	};
	objectVersion = 50;
	objects = {

/* Begin PBXBuildFile section */
		B26492A325E3B657005D38FF /* AppDelegate.swift in Sources */ = {isa = PBXBuildFile; fileRef = B26492A225E3B657005D38FF /* AppDelegate.swift */; };
		B26492A525E3B657005D38FF /* SceneDelegate.swift in Sources */ = {isa = PBXBuildFile; fileRef = B26492A425E3B657005D38FF /* SceneDelegate.swift */; };
		B26492A725E3B657005D38FF /* ViewController.swift in Sources */ = {isa = PBXBuildFile; fileRef = B26492A625E3B657005D38FF /* ViewController.swift */; };
		B26492AA25E3B657005D38FF /* Main.storyboard in Resources */ = {isa = PBXBuildFile; fileRef = B26492A825E3B657005D38FF /* Main.storyboard */; };
		B26492AC25E3B659005D38FF /* Assets.xcassets in Resources */ = {isa = PBXBuildFile; fileRef = B26492AB25E3B659005D38FF /* Assets.xcassets */; };
		B26492AF25E3B659005D38FF /* LaunchScreen.storyboard in Resources */ = {isa = PBXBuildFile; fileRef = B26492AD25E3B659005D38FF /* LaunchScreen.storyboard */; };
		B26492BA25E3B659005D38FF /* SampleBarCodeReaderTests.swift in Sources */ = {isa = PBXBuildFile; fileRef = B26492B925E3B659005D38FF /* SampleBarCodeReaderTests.swift */; };
		B26492C525E3B659005D38FF /* SampleBarCodeReaderUITests.swift in Sources */ = {isa = PBXBuildFile; fileRef = B26492C425E3B659005D38FF /* SampleBarCodeReaderUITests.swift */; };
/* End PBXBuildFile section */

/* Begin PBXContainerItemProxy section */
		B26492B625E3B659005D38FF /* PBXContainerItemProxy */ = {
			isa = PBXContainerItemProxy;
			containerPortal = B264929725E3B657005D38FF /* Project object */;
			proxyType = 1;
			remoteGlobalIDString = B264929E25E3B657005D38FF;
			remoteInfo = SampleBarCodeReader;
		};
		B26492C125E3B659005D38FF /* PBXContainerItemProxy */ = {
			isa = PBXContainerItemProxy;
			containerPortal = B264929725E3B657005D38FF /* Project object */;
			proxyType = 1;
			remoteGlobalIDString = B264929E25E3B657005D38FF;
			remoteInfo = SampleBarCodeReader;
		};
/* End PBXContainerItemProxy section */

/* Begin PBXFileReference section */
		B264929F25E3B657005D38FF /* SampleBarCodeReader.app */ = {isa = PBXFileReference; explicitFileType = wrapper.application; includeInIndex = 0; path = SampleBarCodeReader.app; sourceTree = BUILT_PRODUCTS_DIR; };
		B26492A225E3B657005D38FF /* AppDelegate.swift */ = {isa = PBXFileReference; lastKnownFileType = sourcecode.swift; path = AppDelegate.swift; sourceTree = "<group>"; };
		B26492A425E3B657005D38FF /* SceneDelegate.swift */ = {isa = PBXFileReference; lastKnownFileType = sourcecode.swift; path = SceneDelegate.swift; sourceTree = "<group>"; };
		B26492A625E3B657005D38FF /* ViewController.swift */ = {isa = PBXFileReference; lastKnownFileType = sourcecode.swift; path = ViewController.swift; sourceTree = "<group>"; };
		B26492A925E3B657005D38FF /* Base */ = {isa = PBXFileReference; lastKnownFileType = file.storyboard; name = Base; path = Base.lproj/Main.storyboard; sourceTree = "<group>"; };
		B26492AB25E3B659005D38FF /* Assets.xcassets */ = {isa = PBXFileReference; lastKnownFileType = folder.assetcatalog; path = Assets.xcassets; sourceTree = "<group>"; };
		B26492AE25E3B659005D38FF /* Base */ = {isa = PBXFileReference; lastKnownFileType = file.storyboard; name = Base; path = Base.lproj/LaunchScreen.storyboard; sourceTree = "<group>"; };
		B26492B025E3B659005D38FF /* Info.plist */ = {isa = PBXFileReference; lastKnownFileType = text.plist.xml; path = Info.plist; sourceTree = "<group>"; };
		B26492B525E3B659005D38FF /* SampleBarCodeReaderTests.xctest */ = {isa = PBXFileReference; explicitFileType = wrapper.cfbundle; includeInIndex = 0; path = SampleBarCodeReaderTests.xctest; sourceTree = BUILT_PRODUCTS_DIR; };
		B26492B925E3B659005D38FF /* SampleBarCodeReaderTests.swift */ = {isa = PBXFileReference; lastKnownFileType = sourcecode.swift; path = SampleBarCodeReaderTests.swift; sourceTree = "<group>"; };
		B26492BB25E3B659005D38FF /* Info.plist */ = {isa = PBXFileReference; lastKnownFileType = text.plist.xml; path = Info.plist; sourceTree = "<group>"; };
		B26492C025E3B659005D38FF /* SampleBarCodeReaderUITests.xctest */ = {isa = PBXFileReference; explicitFileType = wrapper.cfbundle; includeInIndex = 0; path = SampleBarCodeReaderUITests.xctest; sourceTree = BUILT_PRODUCTS_DIR; };
		B26492C425E3B659005D38FF /* SampleBarCodeReaderUITests.swift */ = {isa = PBXFileReference; lastKnownFileType = sourcecode.swift; path = SampleBarCodeReaderUITests.swift; sourceTree = "<group>"; };
		B26492C625E3B659005D38FF /* Info.plist */ = {isa = PBXFileReference; lastKnownFileType = text.plist.xml; path = Info.plist; sourceTree = "<group>"; };
/* End PBXFileReference section */

/* Begin PBXFrameworksBuildPhase section */
		B264929C25E3B657005D38FF /* Frameworks */ = {
			isa = PBXFrameworksBuildPhase;
			buildActionMask = 2147483647;
			files = (
			);
			runOnlyForDeploymentPostprocessing = 0;
		};
		B26492B225E3B659005D38FF /* Frameworks */ = {
			isa = PBXFrameworksBuildPhase;
			buildActionMask = 2147483647;
			files = (
			);
			runOnlyForDeploymentPostprocessing = 0;
		};
		B26492BD25E3B659005D38FF /* Frameworks */ = {
			isa = PBXFrameworksBuildPhase;
			buildActionMask = 2147483647;
			files = (
			);
			runOnlyForDeploymentPostprocessing = 0;
		};
/* End PBXFrameworksBuildPhase section */

/* Begin PBXGroup section */
		B264929625E3B657005D38FF = {
			isa = PBXGroup;
			children = (
				B26492A125E3B657005D38FF /* SampleBarCodeReader */,
				B26492B825E3B659005D38FF /* SampleBarCodeReaderTests */,
				B26492C325E3B659005D38FF /* SampleBarCodeReaderUITests */,
				B26492A025E3B657005D38FF /* Products */,
			);
			sourceTree = "<group>";
		};
		B26492A025E3B657005D38FF /* Products */ = {
			isa = PBXGroup;
			children = (
				B264929F25E3B657005D38FF /* SampleBarCodeReader.app */,
				B26492B525E3B659005D38FF /* SampleBarCodeReaderTests.xctest */,
				B26492C025E3B659005D38FF /* SampleBarCodeReaderUITests.xctest */,
			);
			name = Products;
			sourceTree = "<group>";
		};
		B26492A125E3B657005D38FF /* SampleBarCodeReader */ = {
			isa = PBXGroup;
			children = (
				B26492A225E3B657005D38FF /* AppDelegate.swift */,
				B26492A425E3B657005D38FF /* SceneDelegate.swift */,
				B26492A625E3B657005D38FF /* ViewController.swift */,
				B26492A825E3B657005D38FF /* Main.storyboard */,
				B26492AB25E3B659005D38FF /* Assets.xcassets */,
				B26492AD25E3B659005D38FF /* LaunchScreen.storyboard */,
				B26492B025E3B659005D38FF /* Info.plist */,
			);
			path = SampleBarCodeReader;
			sourceTree = "<group>";
		};
		B26492B825E3B659005D38FF /* SampleBarCodeReaderTests */ = {
			isa = PBXGroup;
			children = (
				B26492B925E3B659005D38FF /* SampleBarCodeReaderTests.swift */,
				B26492BB25E3B659005D38FF /* Info.plist */,
			);
			path = SampleBarCodeReaderTests;
			sourceTree = "<group>";
		};
		B26492C325E3B659005D38FF /* SampleBarCodeReaderUITests */ = {
			isa = PBXGroup;
			children = (
				B26492C425E3B659005D38FF /* SampleBarCodeReaderUITests.swift */,
				B26492C625E3B659005D38FF /* Info.plist */,
			);
			path = SampleBarCodeReaderUITests;
			sourceTree = "<group>";
		};
/* End PBXGroup section */

/* Begin PBXNativeTarget section */
		B264929E25E3B657005D38FF /* SampleBarCodeReader */ = {
			isa = PBXNativeTarget;
			buildConfigurationList = B26492C925E3B65A005D38FF /* Build configuration list for PBXNativeTarget "SampleBarCodeReader" */;
			buildPhases = (
				B264929B25E3B657005D38FF /* Sources */,
				B264929C25E3B657005D38FF /* Frameworks */,
				B264929D25E3B657005D38FF /* Resources */,
			);
			buildRules = (
			);
			dependencies = (
			);
			name = SampleBarCodeReader;
			productName = SampleBarCodeReader;
			productReference = B264929F25E3B657005D38FF /* SampleBarCodeReader.app */;
			productType = "com.apple.product-type.application";
		};
		B26492B425E3B659005D38FF /* SampleBarCodeReaderTests */ = {
			isa = PBXNativeTarget;
			buildConfigurationList = B26492CC25E3B65A005D38FF /* Build configuration list for PBXNativeTarget "SampleBarCodeReaderTests" */;
			buildPhases = (
				B26492B125E3B659005D38FF /* Sources */,
				B26492B225E3B659005D38FF /* Frameworks */,
				B26492B325E3B659005D38FF /* Resources */,
			);
			buildRules = (
			);
			dependencies = (
				B26492B725E3B659005D38FF /* PBXTargetDependency */,
			);
			name = SampleBarCodeReaderTests;
			productName = SampleBarCodeReaderTests;
			productReference = B26492B525E3B659005D38FF /* SampleBarCodeReaderTests.xctest */;
			productType = "com.apple.product-type.bundle.unit-test";
		};
		B26492BF25E3B659005D38FF /* SampleBarCodeReaderUITests */ = {
			isa = PBXNativeTarget;
			buildConfigurationList = B26492CF25E3B65A005D38FF /* Build configuration list for PBXNativeTarget "SampleBarCodeReaderUITests" */;
			buildPhases = (
				B26492BC25E3B659005D38FF /* Sources */,
				B26492BD25E3B659005D38FF /* Frameworks */,
				B26492BE25E3B659005D38FF /* Resources */,
			);
			buildRules = (
			);
			dependencies = (
				B26492C225E3B659005D38FF /* PBXTargetDependency */,
			);
			name = SampleBarCodeReaderUITests;
			productName = SampleBarCodeReaderUITests;
			productReference = B26492C025E3B659005D38FF /* SampleBarCodeReaderUITests.xctest */;
			productType = "com.apple.product-type.bundle.ui-testing";
		};
/* End PBXNativeTarget section */

/* Begin PBXProject section */
		B264929725E3B657005D38FF /* Project object */ = {
			isa = PBXProject;
			attributes = {
				LastSwiftUpdateCheck = 1220;
				LastUpgradeCheck = 1220;
				TargetAttributes = {
					B264929E25E3B657005D38FF = {
						CreatedOnToolsVersion = 12.2;
					};
					B26492B425E3B659005D38FF = {
						CreatedOnToolsVersion = 12.2;
						TestTargetID = B264929E25E3B657005D38FF;
					};
					B26492BF25E3B659005D38FF = {
						CreatedOnToolsVersion = 12.2;
						TestTargetID = B264929E25E3B657005D38FF;
					};
				};
			};
			buildConfigurationList = B264929A25E3B657005D38FF /* Build configuration list for PBXProject "SampleBarCodeReader" */;
			compatibilityVersion = "Xcode 9.3";
			developmentRegion = en;
			hasScannedForEncodings = 0;
			knownRegions = (
				en,
				Base,
			);
			mainGroup = B264929625E3B657005D38FF;
			productRefGroup = B26492A025E3B657005D38FF /* Products */;
			projectDirPath = "";
			projectRoot = "";
			targets = (
				B264929E25E3B657005D38FF /* SampleBarCodeReader */,
				B26492B425E3B659005D38FF /* SampleBarCodeReaderTests */,
				B26492BF25E3B659005D38FF /* SampleBarCodeReaderUITests */,
			);
		};
/* End PBXProject section */

/* Begin PBXResourcesBuildPhase section */
		B264929D25E3B657005D38FF /* Resources */ = {
			isa = PBXResourcesBuildPhase;
			buildActionMask = 2147483647;
			files = (
				B26492AF25E3B659005D38FF /* LaunchScreen.storyboard in Resources */,
				B26492AC25E3B659005D38FF /* Assets.xcassets in Resources */,
				B26492AA25E3B657005D38FF /* Main.storyboard in Resources */,
			);
			runOnlyForDeploymentPostprocessing = 0;
		};
		B26492B325E3B659005D38FF /* Resources */ = {
			isa = PBXResourcesBuildPhase;
			buildActionMask = 2147483647;
			files = (
			);
			runOnlyForDeploymentPostprocessing = 0;
		};
		B26492BE25E3B659005D38FF /* Resources */ = {
			isa = PBXResourcesBuildPhase;
			buildActionMask = 2147483647;
			files = (
			);
			runOnlyForDeploymentPostprocessing = 0;
		};
/* End PBXResourcesBuildPhase section */

/* Begin PBXSourcesBuildPhase section */
		B264929B25E3B657005D38FF /* Sources */ = {
			isa = PBXSourcesBuildPhase;
			buildActionMask = 2147483647;
			files = (
				B26492A725E3B657005D38FF /* ViewController.swift in Sources */,
				B26492A325E3B657005D38FF /* AppDelegate.swift in Sources */,
				B26492A525E3B657005D38FF /* SceneDelegate.swift in Sources */,
			);
			runOnlyForDeploymentPostprocessing = 0;
		};
		B26492B125E3B659005D38FF /* Sources */ = {
			isa = PBXSourcesBuildPhase;
			buildActionMask = 2147483647;
			files = (
				B26492BA25E3B659005D38FF /* SampleBarCodeReaderTests.swift in Sources */,
			);
			runOnlyForDeploymentPostprocessing = 0;
		};
		B26492BC25E3B659005D38FF /* Sources */ = {
			isa = PBXSourcesBuildPhase;
			buildActionMask = 2147483647;
			files = (
				B26492C525E3B659005D38FF /* SampleBarCodeReaderUITests.swift in Sources */,
			);
			runOnlyForDeploymentPostprocessing = 0;
		};
/* End PBXSourcesBuildPhase section */

/* Begin PBXTargetDependency section */
		B26492B725E3B659005D38FF /* PBXTargetDependency */ = {
			isa = PBXTargetDependency;
			target = B264929E25E3B657005D38FF /* SampleBarCodeReader */;
			targetProxy = B26492B625E3B659005D38FF /* PBXContainerItemProxy */;
		};
		B26492C225E3B659005D38FF /* PBXTargetDependency */ = {
			isa = PBXTargetDependency;
			target = B264929E25E3B657005D38FF /* SampleBarCodeReader */;
			targetProxy = B26492C125E3B659005D38FF /* PBXContainerItemProxy */;
		};
/* End PBXTargetDependency section */

/* Begin PBXVariantGroup section */
		B26492A825E3B657005D38FF /* Main.storyboard */ = {
			isa = PBXVariantGroup;
			children = (
				B26492A925E3B657005D38FF /* Base */,
			);
			name = Main.storyboard;
			sourceTree = "<group>";
		};
		B26492AD25E3B659005D38FF /* LaunchScreen.storyboard */ = {
			isa = PBXVariantGroup;
			children = (
				B26492AE25E3B659005D38FF /* Base */,
			);
			name = LaunchScreen.storyboard;
			sourceTree = "<group>";
		};
/* End PBXVariantGroup section */

/* Begin XCBuildConfiguration section */
		B26492C725E3B65A005D38FF /* Debug */ = {
			isa = XCBuildConfiguration;
			buildSettings = {
				ALWAYS_SEARCH_USER_PATHS = NO;
				CLANG_ANALYZER_NONNULL = YES;
				CLANG_ANALYZER_NUMBER_OBJECT_CONVERSION = YES_AGGRESSIVE;
				CLANG_CXX_LANGUAGE_STANDARD = "gnu++14";
				CLANG_CXX_LIBRARY = "libc++";
				CLANG_ENABLE_MODULES = YES;
				CLANG_ENABLE_OBJC_ARC = YES;
				CLANG_ENABLE_OBJC_WEAK = YES;
				CLANG_WARN_BLOCK_CAPTURE_AUTORELEASING = YES;
				CLANG_WARN_BOOL_CONVERSION = YES;
				CLANG_WARN_COMMA = YES;
				CLANG_WARN_CONSTANT_CONVERSION = YES;
				CLANG_WARN_DEPRECATED_OBJC_IMPLEMENTATIONS = YES;
				CLANG_WARN_DIRECT_OBJC_ISA_USAGE = YES_ERROR;
				CLANG_WARN_DOCUMENTATION_COMMENTS = YES;
				CLANG_WARN_EMPTY_BODY = YES;
				CLANG_WARN_ENUM_CONVERSION = YES;
				CLANG_WARN_INFINITE_RECURSION = YES;
				CLANG_WARN_INT_CONVERSION = YES;
				CLANG_WARN_NON_LITERAL_NULL_CONVERSION = YES;
				CLANG_WARN_OBJC_IMPLICIT_RETAIN_SELF = YES;
				CLANG_WARN_OBJC_LITERAL_CONVERSION = YES;
				CLANG_WARN_OBJC_ROOT_CLASS = YES_ERROR;
				CLANG_WARN_QUOTED_INCLUDE_IN_FRAMEWORK_HEADER = YES;
				CLANG_WARN_RANGE_LOOP_ANALYSIS = YES;
				CLANG_WARN_STRICT_PROTOTYPES = YES;
				CLANG_WARN_SUSPICIOUS_MOVE = YES;
				CLANG_WARN_UNGUARDED_AVAILABILITY = YES_AGGRESSIVE;
				CLANG_WARN_UNREACHABLE_CODE = YES;
				CLANG_WARN__DUPLICATE_METHOD_MATCH = YES;
				COPY_PHASE_STRIP = NO;
				DEBUG_INFORMATION_FORMAT = dwarf;
				ENABLE_STRICT_OBJC_MSGSEND = YES;
				ENABLE_TESTABILITY = YES;
				GCC_C_LANGUAGE_STANDARD = gnu11;
				GCC_DYNAMIC_NO_PIC = NO;
				GCC_NO_COMMON_BLOCKS = YES;
				GCC_OPTIMIZATION_LEVEL = 0;
				GCC_PREPROCESSOR_DEFINITIONS = (
					"DEBUG=1",
					"$(inherited)",
				);
				GCC_WARN_64_TO_32_BIT_CONVERSION = YES;
				GCC_WARN_ABOUT_RETURN_TYPE = YES_ERROR;
				GCC_WARN_UNDECLARED_SELECTOR = YES;
				GCC_WARN_UNINITIALIZED_AUTOS = YES_AGGRESSIVE;
				GCC_WARN_UNUSED_FUNCTION = YES;
				GCC_WARN_UNUSED_VARIABLE = YES;
				IPHONEOS_DEPLOYMENT_TARGET = 14.2;
				MTL_ENABLE_DEBUG_INFO = INCLUDE_SOURCE;
				MTL_FAST_MATH = YES;
				ONLY_ACTIVE_ARCH = YES;
				SDKROOT = iphoneos;
				SWIFT_ACTIVE_COMPILATION_CONDITIONS = DEBUG;
				SWIFT_OPTIMIZATION_LEVEL = "-Onone";
			};
			name = Debug;
		};
		B26492C825E3B65A005D38FF /* Release */ = {
			isa = XCBuildConfiguration;
			buildSettings = {
				ALWAYS_SEARCH_USER_PATHS = NO;
				CLANG_ANALYZER_NONNULL = YES;
				CLANG_ANALYZER_NUMBER_OBJECT_CONVERSION = YES_AGGRESSIVE;
				CLANG_CXX_LANGUAGE_STANDARD = "gnu++14";
				CLANG_CXX_LIBRARY = "libc++";
				CLANG_ENABLE_MODULES = YES;
				CLANG_ENABLE_OBJC_ARC = YES;
				CLANG_ENABLE_OBJC_WEAK = YES;
				CLANG_WARN_BLOCK_CAPTURE_AUTORELEASING = YES;
				CLANG_WARN_BOOL_CONVERSION = YES;
				CLANG_WARN_COMMA = YES;
				CLANG_WARN_CONSTANT_CONVERSION = YES;
				CLANG_WARN_DEPRECATED_OBJC_IMPLEMENTATIONS = YES;
				CLANG_WARN_DIRECT_OBJC_ISA_USAGE = YES_ERROR;
				CLANG_WARN_DOCUMENTATION_COMMENTS = YES;
				CLANG_WARN_EMPTY_BODY = YES;
				CLANG_WARN_ENUM_CONVERSION = YES;
				CLANG_WARN_INFINITE_RECURSION = YES;
				CLANG_WARN_INT_CONVERSION = YES;
				CLANG_WARN_NON_LITERAL_NULL_CONVERSION = YES;
				CLANG_WARN_OBJC_IMPLICIT_RETAIN_SELF = YES;
				CLANG_WARN_OBJC_LITERAL_CONVERSION = YES;
				CLANG_WARN_OBJC_ROOT_CLASS = YES_ERROR;
				CLANG_WARN_QUOTED_INCLUDE_IN_FRAMEWORK_HEADER = YES;
				CLANG_WARN_RANGE_LOOP_ANALYSIS = YES;
				CLANG_WARN_STRICT_PROTOTYPES = YES;
				CLANG_WARN_SUSPICIOUS_MOVE = YES;
				CLANG_WARN_UNGUARDED_AVAILABILITY = YES_AGGRESSIVE;
				CLANG_WARN_UNREACHABLE_CODE = YES;
				CLANG_WARN__DUPLICATE_METHOD_MATCH = YES;
				COPY_PHASE_STRIP = NO;
				DEBUG_INFORMATION_FORMAT = "dwarf-with-dsym";
				ENABLE_NS_ASSERTIONS = NO;
				ENABLE_STRICT_OBJC_MSGSEND = YES;
				GCC_C_LANGUAGE_STANDARD = gnu11;
				GCC_NO_COMMON_BLOCKS = YES;
				GCC_WARN_64_TO_32_BIT_CONVERSION = YES;
				GCC_WARN_ABOUT_RETURN_TYPE = YES_ERROR;
				GCC_WARN_UNDECLARED_SELECTOR = YES;
				GCC_WARN_UNINITIALIZED_AUTOS = YES_AGGRESSIVE;
				GCC_WARN_UNUSED_FUNCTION = YES;
				GCC_WARN_UNUSED_VARIABLE = YES;
				IPHONEOS_DEPLOYMENT_TARGET = 14.2;
				MTL_ENABLE_DEBUG_INFO = NO;
				MTL_FAST_MATH = YES;
				SDKROOT = iphoneos;
				SWIFT_COMPILATION_MODE = wholemodule;
				SWIFT_OPTIMIZATION_LEVEL = "-O";
				VALIDATE_PRODUCT = YES;
			};
			name = Release;
		};
		B26492CA25E3B65A005D38FF /* Debug */ = {
			isa = XCBuildConfiguration;
			buildSettings = {
				ASSETCATALOG_COMPILER_APPICON_NAME = AppIcon;
				ASSETCATALOG_COMPILER_GLOBAL_ACCENT_COLOR_NAME = AccentColor;
				CODE_SIGN_STYLE = Automatic;
				DEVELOPMENT_TEAM = JBN38UMB62;
				INFOPLIST_FILE = SampleBarCodeReader/Info.plist;
				LD_RUNPATH_SEARCH_PATHS = (
					"$(inherited)",
					"@executable_path/Frameworks",
				);
				PRODUCT_BUNDLE_IDENTIFIER = jp.techacademy.toya.miura.SampleBarCodeReader;
				PRODUCT_NAME = "$(TARGET_NAME)";
				SWIFT_VERSION = 5.0;
				TARGETED_DEVICE_FAMILY = "1,2";
			};
			name = Debug;
		};
		B26492CB25E3B65A005D38FF /* Release */ = {
			isa = XCBuildConfiguration;
			buildSettings = {
				ASSETCATALOG_COMPILER_APPICON_NAME = AppIcon;
				ASSETCATALOG_COMPILER_GLOBAL_ACCENT_COLOR_NAME = AccentColor;
				CODE_SIGN_STYLE = Automatic;
				DEVELOPMENT_TEAM = JBN38UMB62;
				INFOPLIST_FILE = SampleBarCodeReader/Info.plist;
				LD_RUNPATH_SEARCH_PATHS = (
					"$(inherited)",
					"@executable_path/Frameworks",
				);
				PRODUCT_BUNDLE_IDENTIFIER = jp.techacademy.toya.miura.SampleBarCodeReader;
				PRODUCT_NAME = "$(TARGET_NAME)";
				SWIFT_VERSION = 5.0;
				TARGETED_DEVICE_FAMILY = "1,2";
			};
			name = Release;
		};
		B26492CD25E3B65A005D38FF /* Debug */ = {
			isa = XCBuildConfiguration;
			buildSettings = {
				ALWAYS_EMBED_SWIFT_STANDARD_LIBRARIES = YES;
				BUNDLE_LOADER = "$(TEST_HOST)";
				CODE_SIGN_STYLE = Automatic;
				DEVELOPMENT_TEAM = JBN38UMB62;
				INFOPLIST_FILE = SampleBarCodeReaderTests/Info.plist;
				IPHONEOS_DEPLOYMENT_TARGET = 14.2;
				LD_RUNPATH_SEARCH_PATHS = (
					"$(inherited)",
					"@executable_path/Frameworks",
					"@loader_path/Frameworks",
				);
				PRODUCT_BUNDLE_IDENTIFIER = jp.techacademy.toya.miura.SampleBarCodeReaderTests;
				PRODUCT_NAME = "$(TARGET_NAME)";
				SWIFT_VERSION = 5.0;
				TARGETED_DEVICE_FAMILY = "1,2";
				TEST_HOST = "$(BUILT_PRODUCTS_DIR)/SampleBarCodeReader.app/SampleBarCodeReader";
			};
			name = Debug;
		};
		B26492CE25E3B65A005D38FF /* Release */ = {
			isa = XCBuildConfiguration;
			buildSettings = {
				ALWAYS_EMBED_SWIFT_STANDARD_LIBRARIES = YES;
				BUNDLE_LOADER = "$(TEST_HOST)";
				CODE_SIGN_STYLE = Automatic;
				DEVELOPMENT_TEAM = JBN38UMB62;
				INFOPLIST_FILE = SampleBarCodeReaderTests/Info.plist;
				IPHONEOS_DEPLOYMENT_TARGET = 14.2;
				LD_RUNPATH_SEARCH_PATHS = (
					"$(inherited)",
					"@executable_path/Frameworks",
					"@loader_path/Frameworks",
				);
				PRODUCT_BUNDLE_IDENTIFIER = jp.techacademy.toya.miura.SampleBarCodeReaderTests;
				PRODUCT_NAME = "$(TARGET_NAME)";
				SWIFT_VERSION = 5.0;
				TARGETED_DEVICE_FAMILY = "1,2";
				TEST_HOST = "$(BUILT_PRODUCTS_DIR)/SampleBarCodeReader.app/SampleBarCodeReader";
			};
			name = Release;
		};
		B26492D025E3B65A005D38FF /* Debug */ = {
			isa = XCBuildConfiguration;
			buildSettings = {
				ALWAYS_EMBED_SWIFT_STANDARD_LIBRARIES = YES;
				CODE_SIGN_STYLE = Automatic;
				DEVELOPMENT_TEAM = JBN38UMB62;
				INFOPLIST_FILE = SampleBarCodeReaderUITests/Info.plist;
				LD_RUNPATH_SEARCH_PATHS = (
					"$(inherited)",
					"@executable_path/Frameworks",
					"@loader_path/Frameworks",
				);
				PRODUCT_BUNDLE_IDENTIFIER = jp.techacademy.toya.miura.SampleBarCodeReaderUITests;
				PRODUCT_NAME = "$(TARGET_NAME)";
				SWIFT_VERSION = 5.0;
				TARGETED_DEVICE_FAMILY = "1,2";
				TEST_TARGET_NAME = SampleBarCodeReader;
			};
			name = Debug;
		};
		B26492D125E3B65A005D38FF /* Release */ = {
			isa = XCBuildConfiguration;
			buildSettings = {
				ALWAYS_EMBED_SWIFT_STANDARD_LIBRARIES = YES;
				CODE_SIGN_STYLE = Automatic;
				DEVELOPMENT_TEAM = JBN38UMB62;
				INFOPLIST_FILE = SampleBarCodeReaderUITests/Info.plist;
				LD_RUNPATH_SEARCH_PATHS = (
					"$(inherited)",
					"@executable_path/Frameworks",
					"@loader_path/Frameworks",
				);
				PRODUCT_BUNDLE_IDENTIFIER = jp.techacademy.toya.miura.SampleBarCodeReaderUITests;
				PRODUCT_NAME = "$(TARGET_NAME)";
				SWIFT_VERSION = 5.0;
				TARGETED_DEVICE_FAMILY = "1,2";
				TEST_TARGET_NAME = SampleBarCodeReader;
			};
			name = Release;
		};
/* End XCBuildConfiguration section */

/* Begin XCConfigurationList section */
		B264929A25E3B657005D38FF /* Build configuration list for PBXProject "SampleBarCodeReader" */ = {
			isa = XCConfigurationList;
			buildConfigurations = (
				B26492C725E3B65A005D38FF /* Debug */,
				B26492C825E3B65A005D38FF /* Release */,
			);
			defaultConfigurationIsVisible = 0;
			defaultConfigurationName = Release;
		};
		B26492C925E3B65A005D38FF /* Build configuration list for PBXNativeTarget "SampleBarCodeReader" */ = {
			isa = XCConfigurationList;
			buildConfigurations = (
				B26492CA25E3B65A005D38FF /* Debug */,
				B26492CB25E3B65A005D38FF /* Release */,
			);
			defaultConfigurationIsVisible = 0;
			defaultConfigurationName = Release;
		};
		B26492CC25E3B65A005D38FF /* Build configuration list for PBXNativeTarget "SampleBarCodeReaderTests" */ = {
			isa = XCConfigurationList;
			buildConfigurations = (
				B26492CD25E3B65A005D38FF /* Debug */,
				B26492CE25E3B65A005D38FF /* Release */,
			);
			defaultConfigurationIsVisible = 0;
			defaultConfigurationName = Release;
		};
		B26492CF25E3B65A005D38FF /* Build configuration list for PBXNativeTarget "SampleBarCodeReaderUITests" */ = {
			isa = XCConfigurationList;
			buildConfigurations = (
				B26492D025E3B65A005D38FF /* Debug */,
				B26492D125E3B65A005D38FF /* Release */,
			);
			defaultConfigurationIsVisible = 0;
			defaultConfigurationName = Release;
		};
/* End XCConfigurationList section */
	};
	rootObject = B264929725E3B657005D38FF /* Project object */;
}
